{
  "lockfileVersion": 1,
  "configVersion": 0,
  "workspaces": {
    "": {
      "name": "azure-panel-cf",
      "dependencies": {
        "zod": "^4.3.6",
      },
      "devDependencies": {
        "@types/bun": "latest",
        "typescript": "^5.9.3",
      },
    },
  },
  "packages": {
    "@types/bun": ["@types/bun@1.3.14", "https://r.npm.sankuai.com/@types/bun/download/@types/bun-1.3.14.tgz", { "dependencies": { "bun-types": "1.3.14" } }, "sha1-vYtECRmiWHrd4xGmF6kgTzS4qMI="],

    "@types/node": ["@types/node@25.9.2", "https://r.npm.sankuai.com/@types/node/download/@types/node-25.9.2.tgz", { "dependencies": { "undici-types": ">=7.24.0 <7.24.7" } }, "sha1-/IlY51eZS3H+5Rb5Y0vbA9Gxnp8="],

    "bun-types": ["bun-types@1.3.14", "https://r.npm.sankuai.com/bun-types/download/bun-types-1.3.14.tgz", { "dependencies": { "@types/node": "*" } }, "sha1-qP4lOfxcWa5F8f3BjfyfjV6ruvQ="],

    "typescript": ["typescript@5.9.3", "", { "bin": { "tsc": "bin/tsc", "tsserver": "bin/tsserver" } }, "sha512-jl1vZzPDinLr9eUt3J/t7V6FgNEw9QjvBPdysz9KfQDD41fQrC2Y4vKQdiaUpFT4bXlb1RHhLpp8wtm6M5TgSw=="],

    "undici-types": ["undici-types@7.24.6", "https://r.npm.sankuai.com/undici-types/download/undici-types-7.24.6.tgz", {}, "sha1-YSdbSF1/1OnSacfPBOwoc8nMD5E="],

    "zod": ["zod@4.3.6", "", {}, "sha512-rftlrkhHZOcjDwkGlnUtZZkvaPHCsDATp4pGpuOOMDaTdDDXF91wuVDJoWoPsKX/3YPQ5fHuF3STjcYyKr+Qhg=="],
  }
}
